{
  "name": "Ollie",
  "version": "0.2.0",
  "lockfileVersion": 2,
  "requires": true,
  "packages": {
    "": {
      "name": "Ollie",
      "version": "0.2.0",
      "license": "ISC",
      "devDependencies": {
        "fast-check": "^4.8.0",
        "node": "^22.22.1"
      }
    },
    "node_modules/fast-check": {
      "version": "4.8.0",
      "resolved": "https://registry.npmjs.org/fast-check/-/fast-check-4.8.0.tgz",
      "integrity": "sha512-GOJ158CUMnN6cSahsv4+ExARvIDuzzinFjkp0E9WtiBa5zcVeLozVkWaE4IzFcc+Y48Wp1EDlUZsXRyAztQcSg==",
      "dev": true,
      "funding": [
        {
          "type": "individual",
          "url": "https://github.com/sponsors/dubzzz"
        },
        {
          "type": "opencollective",
          "url": "https://opencollective.com/fast-check"
        }
      ],
      "license": "MIT",
      "dependencies": {
        "pure-rand": "^8.0.0"
      },
      "engines": {
        "node": ">=12.17.0"
      }
    },
    "node_modules/node": {
      "version": "22.22.1",
      "resolved": "https://registry.npmjs.org/node/-/node-22.22.1.tgz",
      "integrity": "sha512-jEwCTBdVjhc7ndgevFtZO/YLz0JA0DcsplP890XP2qDNc3/xCvSu/nxMctXg7ckoO/5goiAB1AMuOHtZprhMUQ==",
      "dev": true,
      "hasInstallScript": true,
      "license": "MIT",
      "dependencies": {
        "node-bin-setup": "^1.0.0"
      },
      "bin": {
        "node": "bin/node"
      },
      "engines": {
        "npm": ">=5.0.0"
      }
    },
    "node_modules/node-bin-setup": {
      "version": "1.1.4",
      "resolved": "https://registry.npmjs.org/node-bin-setup/-/node-bin-setup-1.1.4.tgz",
      "integrity": "sha512-vWNHOne0ZUavArqPP5LJta50+S8R261Fr5SvGul37HbEDcowvLjwdvd0ZeSr0r2lTSrPxl6okq9QUw8BFGiAxA==",
      "dev": true,
      "license": "ISC"
    },
    "node_modules/pure-rand": {
      "version": "8.4.0",
      "resolved": "https://registry.npmjs.org/pure-rand/-/pure-rand-8.4.0.tgz",
      "integrity": "sha512-IoM8YF/jY0hiugFo/wOWqfmarlE6J0wc6fDK1PhftMk7MGhVZl88sZimmqBBFomLOCSmcCCpsfj7wXASCpvK9A==",
      "dev": true,
      "funding": [
        {
          "type": "individual",
          "url": "https://github.com/sponsors/dubzzz"
        },
        {
          "type": "opencollective",
          "url": "https://opencollective.com/fast-check"
        }
      ],
      "license": "MIT"
    }
  },
  "dependencies": {
    "fast-check": {
      "version": "4.8.0",
      "resolved": "https://registry.npmjs.org/fast-check/-/fast-check-4.8.0.tgz",
      "integrity": "sha512-GOJ158CUMnN6cSahsv4+ExARvIDuzzinFjkp0E9WtiBa5zcVeLozVkWaE4IzFcc+Y48Wp1EDlUZsXRyAztQcSg==",
      "dev": true,
      "requires": {
        "pure-rand": "^8.0.0"
      }
    },
    "node": {
      "version": "22.22.1",
      "resolved": "https://registry.npmjs.org/node/-/node-22.22.1.tgz",
      "integrity": "sha512-jEwCTBdVjhc7ndgevFtZO/YLz0JA0DcsplP890XP2qDNc3/xCvSu/nxMctXg7ckoO/5goiAB1AMuOHtZprhMUQ==",
      "dev": true,
      "requires": {
        "node-bin-setup": "^1.0.0"
      }
    },
    "node-bin-setup": {
      "version": "1.1.4",
      "resolved": "https://registry.npmjs.org/node-bin-setup/-/node-bin-setup-1.1.4.tgz",
      "integrity": "sha512-vWNHOne0ZUavArqPP5LJta50+S8R261Fr5SvGul37HbEDcowvLjwdvd0ZeSr0r2lTSrPxl6okq9QUw8BFGiAxA==",
      "dev": true
    },
    "pure-rand": {
      "version": "8.4.0",
      "resolved": "https://registry.npmjs.org/pure-rand/-/pure-rand-8.4.0.tgz",
      "integrity": "sha512-IoM8YF/jY0hiugFo/wOWqfmarlE6J0wc6fDK1PhftMk7MGhVZl88sZimmqBBFomLOCSmcCCpsfj7wXASCpvK9A==",
      "dev": true
    }
  }
}
